PODS:
  - Alamofire (4.8.2)
  - Kingfisher (5.14.0):
    - Kingfisher/Core (= 5.14.0)
  - Kingfisher/Core (5.14.0)
  - NMapsMap (3.8.0)

DEPENDENCIES:
  - Alamofire (~> 4.8.2)
  - Kingfisher (~> 5.0)
  - NMapsMap

SPEC REPOS:
  trunk:
    - Alamofire
    - Kingfisher
    - NMapsMap

SPEC CHECKSUMS:
  Alamofire: ae5c501addb7afdbb13687d7f2f722c78734c2d3
  Kingfisher: 7b64389a43139c903ec434788344c288217c792d
  NMapsMap: b3633ad688483a318be9293aeddd323a714fb08b

PODFILE CHECKSUM: e20c5d5383326a766d170877d42920d1e777a3aa

COCOAPODS: 1.9.3
