// !$*UTF8*$!
{
	archiveVersion = 1;
	classes = {
	};
	objectVersion = 51;
	objects = {

/* Begin PBXBuildFile section */
		183C1E2F24B1D5E500FFE494 /* BookStoreTableViewCell.swift in Sources */ = {isa = PBXBuildFile; fileRef = 183C1E2E24B1D5E500FFE494 /* BookStoreTableViewCell.swift */; };
		183C1E3524B1DB4600FFE494 /* BookStore.swift in Sources */ = {isa = PBXBuildFile; fileRef = 183C1E3424B1DB4600FFE494 /* BookStore.swift */; };
		183C1E3924B73CC600FFE494 /* InterestModel.swift in Sources */ = {isa = PBXBuildFile; fileRef = 183C1E3824B73CC600FFE494 /* InterestModel.swift */; };
		183C1E3C24B7416600FFE494 /* APIConstants.swift in Sources */ = {isa = PBXBuildFile; fileRef = 183C1E3B24B7416600FFE494 /* APIConstants.swift */; };
		183C1E3E24B7431B00FFE494 /* NetworkResult.swift in Sources */ = {isa = PBXBuildFile; fileRef = 183C1E3D24B7431B00FFE494 /* NetworkResult.swift */; };
		183C1E4024B857C300FFE494 /* InterestService.swift in Sources */ = {isa = PBXBuildFile; fileRef = 183C1E3F24B857C300FFE494 /* InterestService.swift */; };
		5565A14E24B1D34E00DF6E88 /* CustomExpandableCollectionViewCell.swift in Sources */ = {isa = PBXBuildFile; fileRef = 5565A14C24B1D34E00DF6E88 /* CustomExpandableCollectionViewCell.swift */; };
		55A94AD324B49D0400522643 /* LogoSearchCollectionViewCell.swift in Sources */ = {isa = PBXBuildFile; fileRef = 55A94AD224B49D0400522643 /* LogoSearchCollectionViewCell.swift */; };
		55A94AD524B57F9D00522643 /* UITabbarHideAnimation+Extension.swift in Sources */ = {isa = PBXBuildFile; fileRef = 55A94AD424B57F9D00522643 /* UITabbarHideAnimation+Extension.swift */; };
		55ABB33724B37681008B5A5B /* Animatable.swift in Sources */ = {isa = PBXBuildFile; fileRef = 55ABB33524B37681008B5A5B /* Animatable.swift */; };
		55ABB33824B37681008B5A5B /* CustomTransitionAnimation.swift in Sources */ = {isa = PBXBuildFile; fileRef = 55ABB33624B37681008B5A5B /* CustomTransitionAnimation.swift */; };
		55ABB33A24B376DA008B5A5B /* NavigationController.swift in Sources */ = {isa = PBXBuildFile; fileRef = 55ABB33924B376DA008B5A5B /* NavigationController.swift */; };
		55ABB33C24B37901008B5A5B /* DetailViewController.storyboard in Resources */ = {isa = PBXBuildFile; fileRef = 55ABB33B24B37901008B5A5B /* DetailViewController.storyboard */; };
		55CE352F24B1DB5C001210A7 /* CustomExpandableCollectionViewCell.xib in Resources */ = {isa = PBXBuildFile; fileRef = 55CE352E24B1DB5C001210A7 /* CustomExpandableCollectionViewCell.xib */; };
		55CE353224B20876001210A7 /* Expandable.swift in Sources */ = {isa = PBXBuildFile; fileRef = 55CE353124B20876001210A7 /* Expandable.swift */; };
		55CE353824B32D17001210A7 /* CardCollectionViewCell.swift in Sources */ = {isa = PBXBuildFile; fileRef = 55CE353724B32D17001210A7 /* CardCollectionViewCell.swift */; };
		55CE353F24B32F81001210A7 /* StoryboardBased.swift in Sources */ = {isa = PBXBuildFile; fileRef = 55CE353A24B32F80001210A7 /* StoryboardBased.swift */; };
		55CE354024B32F81001210A7 /* NibOwnerLoadable.swift in Sources */ = {isa = PBXBuildFile; fileRef = 55CE353B24B32F80001210A7 /* NibOwnerLoadable.swift */; };
		55CE354124B32F81001210A7 /* Reusable.swift in Sources */ = {isa = PBXBuildFile; fileRef = 55CE353C24B32F81001210A7 /* Reusable.swift */; };
		55CE354224B32F81001210A7 /* NibLoadable.swift in Sources */ = {isa = PBXBuildFile; fileRef = 55CE353D24B32F81001210A7 /* NibLoadable.swift */; };
		55CE354324B32F81001210A7 /* UICollectionView+Reusable.swift in Sources */ = {isa = PBXBuildFile; fileRef = 55CE353E24B32F81001210A7 /* UICollectionView+Reusable.swift */; };
		55CE354624B3306E001210A7 /* ShadowView.swift in Sources */ = {isa = PBXBuildFile; fileRef = 55CE354524B3306E001210A7 /* ShadowView.swift */; };
		55CE354924B3444B001210A7 /* DetailViewController.swift in Sources */ = {isa = PBXBuildFile; fileRef = 55CE354824B3444B001210A7 /* DetailViewController.swift */; };
		55CE354B24B34536001210A7 /* CardCollectionViewCell.xib in Resources */ = {isa = PBXBuildFile; fileRef = 55CE354A24B34536001210A7 /* CardCollectionViewCell.xib */; };
		55CE354D24B3467E001210A7 /* CommonView.swift in Sources */ = {isa = PBXBuildFile; fileRef = 55CE354C24B3467E001210A7 /* CommonView.swift */; };
		55CE354F24B3471E001210A7 /* CommonView.xib in Resources */ = {isa = PBXBuildFile; fileRef = 55CE354E24B3471E001210A7 /* CommonView.xib */; };
		55E460B524BC512E0035ECCE /* reviewTableViewCell.swift in Sources */ = {isa = PBXBuildFile; fileRef = 55E460B424BC512E0035ECCE /* reviewTableViewCell.swift */; };
		55E460B724BCB0360035ECCE /* Recommendation.swift in Sources */ = {isa = PBXBuildFile; fileRef = 55E460B624BCB0360035ECCE /* Recommendation.swift */; };
		55E460B924BCB2370035ECCE /* RecommendationService.swift in Sources */ = {isa = PBXBuildFile; fileRef = 55E460B824BCB2370035ECCE /* RecommendationService.swift */; };
		55E460BB24BD46D20035ECCE /* UIImageViewKingfisher+Extension.swift in Sources */ = {isa = PBXBuildFile; fileRef = 55E460BA24BD46D20035ECCE /* UIImageViewKingfisher+Extension.swift */; };
		55E460BF24BD72580035ECCE /* DetailBookStoreModel.swift in Sources */ = {isa = PBXBuildFile; fileRef = 55E460BE24BD72580035ECCE /* DetailBookStoreModel.swift */; };
		55E460C124BD74E90035ECCE /* DetailBookStoreService.swift in Sources */ = {isa = PBXBuildFile; fileRef = 55E460C024BD74E90035ECCE /* DetailBookStoreService.swift */; };
		55E839C624AF29C2003C64FE /* AppDelegate.swift in Sources */ = {isa = PBXBuildFile; fileRef = 55E839C524AF29C2003C64FE /* AppDelegate.swift */; };
		55E839C824AF29C2003C64FE /* SceneDelegate.swift in Sources */ = {isa = PBXBuildFile; fileRef = 55E839C724AF29C2003C64FE /* SceneDelegate.swift */; };
		55E839CD24AF29C2003C64FE /* Main.storyboard in Resources */ = {isa = PBXBuildFile; fileRef = 55E839CB24AF29C2003C64FE /* Main.storyboard */; };
		55E839CF24AF29C6003C64FE /* Assets.xcassets in Resources */ = {isa = PBXBuildFile; fileRef = 55E839CE24AF29C6003C64FE /* Assets.xcassets */; };
		55E839D224AF29C6003C64FE /* LaunchScreen.storyboard in Resources */ = {isa = PBXBuildFile; fileRef = 55E839D024AF29C6003C64FE /* LaunchScreen.storyboard */; };
		55E839DE24AF2AC3003C64FE /* Recommend.storyboard in Resources */ = {isa = PBXBuildFile; fileRef = 55E839DD24AF2AC3003C64FE /* Recommend.storyboard */; };
		55E839E024AF2AD1003C64FE /* Map.storyboard in Resources */ = {isa = PBXBuildFile; fileRef = 55E839DF24AF2AD1003C64FE /* Map.storyboard */; };
		55E839E224AF2AE1003C64FE /* Interest.storyboard in Resources */ = {isa = PBXBuildFile; fileRef = 55E839E124AF2AE1003C64FE /* Interest.storyboard */; };
		55E839E724AF2B39003C64FE /* RecommendViewController.swift in Sources */ = {isa = PBXBuildFile; fileRef = 55E839E624AF2B39003C64FE /* RecommendViewController.swift */; };
		55E839E924AF2B43003C64FE /* MapViewController.swift in Sources */ = {isa = PBXBuildFile; fileRef = 55E839E824AF2B43003C64FE /* MapViewController.swift */; };
		55E839EB24AF2B4A003C64FE /* InterestViewController.swift in Sources */ = {isa = PBXBuildFile; fileRef = 55E839EA24AF2B4A003C64FE /* InterestViewController.swift */; };
		55E839ED24AF2B51003C64FE /* MyPageViewController.swift in Sources */ = {isa = PBXBuildFile; fileRef = 55E839EC24AF2B51003C64FE /* MyPageViewController.swift */; };
		55E839F524AF2DCB003C64FE /* UIColor+Extension.swift in Sources */ = {isa = PBXBuildFile; fileRef = 55E839F424AF2DCB003C64FE /* UIColor+Extension.swift */; };
		715C23D9F616374B09709C21 /* Pods_Cozy.framework in Frameworks */ = {isa = PBXBuildFile; fileRef = F3287E8FE7F893E28F29A028 /* Pods_Cozy.framework */; };
		B63341D924B08F300070F8C4 /* UIView+Extension.swift in Sources */ = {isa = PBXBuildFile; fileRef = B63341D824B08F300070F8C4 /* UIView+Extension.swift */; };
		B63341E024B19C210070F8C4 /* CountTableViewCell.swift in Sources */ = {isa = PBXBuildFile; fileRef = B63341DF24B19C210070F8C4 /* CountTableViewCell.swift */; };
		B63341E224B19DAB0070F8C4 /* LibraryTableViewCell.swift in Sources */ = {isa = PBXBuildFile; fileRef = B63341E124B19DAB0070F8C4 /* LibraryTableViewCell.swift */; };
		B63341E624B1D4600070F8C4 /* MapDetailViewController.swift in Sources */ = {isa = PBXBuildFile; fileRef = B63341E524B1D45F0070F8C4 /* MapDetailViewController.swift */; };
		B63341E824B328880070F8C4 /* Search.storyboard in Resources */ = {isa = PBXBuildFile; fileRef = B63341E724B328880070F8C4 /* Search.storyboard */; };
		B63341EB24B328C30070F8C4 /* SearchViewController.swift in Sources */ = {isa = PBXBuildFile; fileRef = B63341EA24B328C30070F8C4 /* SearchViewController.swift */; };
		B63341ED24B344C50070F8C4 /* UIButton+Extension.swift in Sources */ = {isa = PBXBuildFile; fileRef = B63341EC24B344C50070F8C4 /* UIButton+Extension.swift */; };
		B63341F424B34F630070F8C4 /* MapDetail.storyboard in Resources */ = {isa = PBXBuildFile; fileRef = B63341F324B34F630070F8C4 /* MapDetail.storyboard */; };
		B65D3A0424BB94D100405549 /* Splash.storyboard in Resources */ = {isa = PBXBuildFile; fileRef = B65D3A0324BB94D100405549 /* Splash.storyboard */; };
		B65D3A0724BB94FC00405549 /* SplashViewController.swift in Sources */ = {isa = PBXBuildFile; fileRef = B65D3A0624BB94FC00405549 /* SplashViewController.swift */; };
		B65D3A0924BB957100405549 /* UIFont+Extension.swift in Sources */ = {isa = PBXBuildFile; fileRef = B65D3A0824BB957100405549 /* UIFont+Extension.swift */; };
		B65D3A0B24BB96ED00405549 /* ViewController.swift in Sources */ = {isa = PBXBuildFile; fileRef = B65D3A0A24BB96ED00405549 /* ViewController.swift */; };
		B65D3A0C24BB989000405549 /* Gilroy-Light.ttf in Resources */ = {isa = PBXBuildFile; fileRef = B65D3A0224BB941A00405549 /* Gilroy-Light.ttf */; };
		B65D3A0F24BB993700405549 /* Login.storyboard in Resources */ = {isa = PBXBuildFile; fileRef = B65D3A0E24BB993700405549 /* Login.storyboard */; };
		B65D3A1224BB996700405549 /* LoginViewController.swift in Sources */ = {isa = PBXBuildFile; fileRef = B65D3A1124BB996700405549 /* LoginViewController.swift */; };
		B65D3A1424BB9D4800405549 /* SocialLogin.storyboard in Resources */ = {isa = PBXBuildFile; fileRef = B65D3A1324BB9D4800405549 /* SocialLogin.storyboard */; };
		B65D3A1624BB9D6400405549 /* SocialLoginViewController.swift in Sources */ = {isa = PBXBuildFile; fileRef = B65D3A1524BB9D6400405549 /* SocialLoginViewController.swift */; };
		B6776B4424B7080C00BF0E53 /* SelectRegion.storyboard in Resources */ = {isa = PBXBuildFile; fileRef = B6776B4324B7080C00BF0E53 /* SelectRegion.storyboard */; };
		B6776B4724B7082B00BF0E53 /* SelectRegionViewController.swift in Sources */ = {isa = PBXBuildFile; fileRef = B6776B4624B7082B00BF0E53 /* SelectRegionViewController.swift */; };
		B69E909624B8A1C2009C4218 /* Review.storyboard in Resources */ = {isa = PBXBuildFile; fileRef = B69E909524B8A1C2009C4218 /* Review.storyboard */; };
		B69E909924B8A231009C4218 /* ReviewViewController.swift in Sources */ = {isa = PBXBuildFile; fileRef = B69E909824B8A231009C4218 /* ReviewViewController.swift */; };
		B6E3B39024BC406300F42D15 /* MapResponseString.swift in Sources */ = {isa = PBXBuildFile; fileRef = B6E3B38F24BC406300F42D15 /* MapResponseString.swift */; };
		B6E3B39324BC40B200F42D15 /* MapService.swift in Sources */ = {isa = PBXBuildFile; fileRef = B6E3B39224BC40B200F42D15 /* MapService.swift */; };
		B6E3B39524BC47C900F42D15 /* MapBookStore.swift in Sources */ = {isa = PBXBuildFile; fileRef = B6E3B39424BC47C900F42D15 /* MapBookStore.swift */; };
		CC2645EA24BA0D3B00BCE4CD /* MyPage.storyboard in Resources */ = {isa = PBXBuildFile; fileRef = CC2645E924BA0D3B00BCE4CD /* MyPage.storyboard */; };
		CC2645EC24BC1B0500BCE4CD /* NoticeViewController.swift in Sources */ = {isa = PBXBuildFile; fileRef = CC2645EB24BC1B0500BCE4CD /* NoticeViewController.swift */; };
		CC2645EE24BC3B4200BCE4CD /* MyReviewViewController.swift in Sources */ = {isa = PBXBuildFile; fileRef = CC2645ED24BC3B4200BCE4CD /* MyReviewViewController.swift */; };
		CC2645F224BC411700BCE4CD /* EventViewController.swift in Sources */ = {isa = PBXBuildFile; fileRef = CC2645F124BC411700BCE4CD /* EventViewController.swift */; };
		CCF6753024B9E22A00A40EC1 /* LastBookstoreCell.swift in Sources */ = {isa = PBXBuildFile; fileRef = CCF6752F24B9E22A00A40EC1 /* LastBookstoreCell.swift */; };
		CCF6753224B9E9E000A40EC1 /* LastBookstore.swift in Sources */ = {isa = PBXBuildFile; fileRef = CCF6753124B9E9E000A40EC1 /* LastBookstore.swift */; };
/* End PBXBuildFile section */

/* Begin PBXFileReference section */
		183C1E2E24B1D5E500FFE494 /* BookStoreTableViewCell.swift */ = {isa = PBXFileReference; lastKnownFileType = sourcecode.swift; path = BookStoreTableViewCell.swift; sourceTree = "<group>"; };
		183C1E3424B1DB4600FFE494 /* BookStore.swift */ = {isa = PBXFileReference; lastKnownFileType = sourcecode.swift; path = BookStore.swift; sourceTree = "<group>"; };
		183C1E3824B73CC600FFE494 /* InterestModel.swift */ = {isa = PBXFileReference; lastKnownFileType = sourcecode.swift; path = InterestModel.swift; sourceTree = "<group>"; };
		183C1E3B24B7416600FFE494 /* APIConstants.swift */ = {isa = PBXFileReference; lastKnownFileType = sourcecode.swift; path = APIConstants.swift; sourceTree = "<group>"; };
		183C1E3D24B7431B00FFE494 /* NetworkResult.swift */ = {isa = PBXFileReference; lastKnownFileType = sourcecode.swift; path = NetworkResult.swift; sourceTree = "<group>"; };
		183C1E3F24B857C300FFE494 /* InterestService.swift */ = {isa = PBXFileReference; lastKnownFileType = sourcecode.swift; path = InterestService.swift; sourceTree = "<group>"; };
		5565A14C24B1D34E00DF6E88 /* CustomExpandableCollectionViewCell.swift */ = {isa = PBXFileReference; lastKnownFileType = sourcecode.swift; path = CustomExpandableCollectionViewCell.swift; sourceTree = "<group>"; };
		55A94AD224B49D0400522643 /* LogoSearchCollectionViewCell.swift */ = {isa = PBXFileReference; lastKnownFileType = sourcecode.swift; path = LogoSearchCollectionViewCell.swift; sourceTree = "<group>"; };
		55A94AD424B57F9D00522643 /* UITabbarHideAnimation+Extension.swift */ = {isa = PBXFileReference; lastKnownFileType = sourcecode.swift; path = "UITabbarHideAnimation+Extension.swift"; sourceTree = "<group>"; };
		55ABB33524B37681008B5A5B /* Animatable.swift */ = {isa = PBXFileReference; fileEncoding = 4; lastKnownFileType = sourcecode.swift; path = Animatable.swift; sourceTree = "<group>"; };
		55ABB33624B37681008B5A5B /* CustomTransitionAnimation.swift */ = {isa = PBXFileReference; fileEncoding = 4; lastKnownFileType = sourcecode.swift; path = CustomTransitionAnimation.swift; sourceTree = "<group>"; };
		55ABB33924B376DA008B5A5B /* NavigationController.swift */ = {isa = PBXFileReference; lastKnownFileType = sourcecode.swift; path = NavigationController.swift; sourceTree = "<group>"; };
		55ABB33B24B37901008B5A5B /* DetailViewController.storyboard */ = {isa = PBXFileReference; fileEncoding = 4; lastKnownFileType = file.storyboard; path = DetailViewController.storyboard; sourceTree = "<group>"; };
		55CE352E24B1DB5C001210A7 /* CustomExpandableCollectionViewCell.xib */ = {isa = PBXFileReference; lastKnownFileType = file.xib; path = CustomExpandableCollectionViewCell.xib; sourceTree = "<group>"; };
		55CE353124B20876001210A7 /* Expandable.swift */ = {isa = PBXFileReference; lastKnownFileType = sourcecode.swift; path = Expandable.swift; sourceTree = "<group>"; };
		55CE353724B32D17001210A7 /* CardCollectionViewCell.swift */ = {isa = PBXFileReference; lastKnownFileType = sourcecode.swift; name = CardCollectionViewCell.swift; path = Cozy/Sources/Protocols/CardCollectionViewCell.swift; sourceTree = SOURCE_ROOT; };
		55CE353A24B32F80001210A7 /* StoryboardBased.swift */ = {isa = PBXFileReference; fileEncoding = 4; lastKnownFileType = sourcecode.swift; path = StoryboardBased.swift; sourceTree = "<group>"; };
		55CE353B24B32F80001210A7 /* NibOwnerLoadable.swift */ = {isa = PBXFileReference; fileEncoding = 4; lastKnownFileType = sourcecode.swift; path = NibOwnerLoadable.swift; sourceTree = "<group>"; };
		55CE353C24B32F81001210A7 /* Reusable.swift */ = {isa = PBXFileReference; fileEncoding = 4; lastKnownFileType = sourcecode.swift; path = Reusable.swift; sourceTree = "<group>"; };
		55CE353D24B32F81001210A7 /* NibLoadable.swift */ = {isa = PBXFileReference; fileEncoding = 4; lastKnownFileType = sourcecode.swift; path = NibLoadable.swift; sourceTree = "<group>"; };
		55CE353E24B32F81001210A7 /* UICollectionView+Reusable.swift */ = {isa = PBXFileReference; fileEncoding = 4; lastKnownFileType = sourcecode.swift; path = "UICollectionView+Reusable.swift"; sourceTree = "<group>"; };
		55CE354524B3306E001210A7 /* ShadowView.swift */ = {isa = PBXFileReference; lastKnownFileType = sourcecode.swift; path = ShadowView.swift; sourceTree = "<group>"; };
		55CE354824B3444B001210A7 /* DetailViewController.swift */ = {isa = PBXFileReference; lastKnownFileType = sourcecode.swift; path = DetailViewController.swift; sourceTree = "<group>"; };
		55CE354A24B34536001210A7 /* CardCollectionViewCell.xib */ = {isa = PBXFileReference; lastKnownFileType = file.xib; path = CardCollectionViewCell.xib; sourceTree = "<group>"; };
		55CE354C24B3467E001210A7 /* CommonView.swift */ = {isa = PBXFileReference; lastKnownFileType = sourcecode.swift; path = CommonView.swift; sourceTree = "<group>"; };
		55CE354E24B3471E001210A7 /* CommonView.xib */ = {isa = PBXFileReference; lastKnownFileType = file.xib; path = CommonView.xib; sourceTree = "<group>"; };
		55E460B424BC512E0035ECCE /* reviewTableViewCell.swift */ = {isa = PBXFileReference; lastKnownFileType = sourcecode.swift; path = reviewTableViewCell.swift; sourceTree = "<group>"; };
		55E460B624BCB0360035ECCE /* Recommendation.swift */ = {isa = PBXFileReference; lastKnownFileType = sourcecode.swift; path = Recommendation.swift; sourceTree = "<group>"; };
		55E460B824BCB2370035ECCE /* RecommendationService.swift */ = {isa = PBXFileReference; lastKnownFileType = sourcecode.swift; path = RecommendationService.swift; sourceTree = "<group>"; };
		55E460BA24BD46D20035ECCE /* UIImageViewKingfisher+Extension.swift */ = {isa = PBXFileReference; lastKnownFileType = sourcecode.swift; path = "UIImageViewKingfisher+Extension.swift"; sourceTree = "<group>"; };
		55E460BE24BD72580035ECCE /* DetailBookStoreModel.swift */ = {isa = PBXFileReference; lastKnownFileType = sourcecode.swift; path = DetailBookStoreModel.swift; sourceTree = "<group>"; };
		55E460C024BD74E90035ECCE /* DetailBookStoreService.swift */ = {isa = PBXFileReference; lastKnownFileType = sourcecode.swift; path = DetailBookStoreService.swift; sourceTree = "<group>"; };
		55E839C224AF29C2003C64FE /* Cozy.app */ = {isa = PBXFileReference; explicitFileType = wrapper.application; includeInIndex = 0; path = Cozy.app; sourceTree = BUILT_PRODUCTS_DIR; };
		55E839C524AF29C2003C64FE /* AppDelegate.swift */ = {isa = PBXFileReference; lastKnownFileType = sourcecode.swift; path = AppDelegate.swift; sourceTree = "<group>"; };
		55E839C724AF29C2003C64FE /* SceneDelegate.swift */ = {isa = PBXFileReference; lastKnownFileType = sourcecode.swift; path = SceneDelegate.swift; sourceTree = "<group>"; };
		55E839CC24AF29C2003C64FE /* Base */ = {isa = PBXFileReference; lastKnownFileType = file.storyboard; name = Base; path = Base.lproj/Main.storyboard; sourceTree = "<group>"; };
		55E839CE24AF29C6003C64FE /* Assets.xcassets */ = {isa = PBXFileReference; lastKnownFileType = folder.assetcatalog; path = Assets.xcassets; sourceTree = "<group>"; };
		55E839D124AF29C6003C64FE /* Base */ = {isa = PBXFileReference; lastKnownFileType = file.storyboard; name = Base; path = Base.lproj/LaunchScreen.storyboard; sourceTree = "<group>"; };
		55E839D324AF29C6003C64FE /* Info.plist */ = {isa = PBXFileReference; lastKnownFileType = text.plist.xml; path = Info.plist; sourceTree = "<group>"; };
		55E839DD24AF2AC3003C64FE /* Recommend.storyboard */ = {isa = PBXFileReference; lastKnownFileType = file.storyboard; path = Recommend.storyboard; sourceTree = "<group>"; };
		55E839DF24AF2AD1003C64FE /* Map.storyboard */ = {isa = PBXFileReference; lastKnownFileType = file.storyboard; path = Map.storyboard; sourceTree = "<group>"; };
		55E839E124AF2AE1003C64FE /* Interest.storyboard */ = {isa = PBXFileReference; lastKnownFileType = file.storyboard; path = Interest.storyboard; sourceTree = "<group>"; };
		55E839E624AF2B39003C64FE /* RecommendViewController.swift */ = {isa = PBXFileReference; lastKnownFileType = sourcecode.swift; path = RecommendViewController.swift; sourceTree = "<group>"; };
		55E839E824AF2B43003C64FE /* MapViewController.swift */ = {isa = PBXFileReference; lastKnownFileType = sourcecode.swift; path = MapViewController.swift; sourceTree = "<group>"; };
		55E839EA24AF2B4A003C64FE /* InterestViewController.swift */ = {isa = PBXFileReference; lastKnownFileType = sourcecode.swift; path = InterestViewController.swift; sourceTree = "<group>"; };
		55E839EC24AF2B51003C64FE /* MyPageViewController.swift */ = {isa = PBXFileReference; lastKnownFileType = sourcecode.swift; path = MyPageViewController.swift; sourceTree = "<group>"; };
		55E839F424AF2DCB003C64FE /* UIColor+Extension.swift */ = {isa = PBXFileReference; lastKnownFileType = sourcecode.swift; path = "UIColor+Extension.swift"; sourceTree = "<group>"; };
		5698B70158DADB5E3BD971FA /* Pods-Cozy.debug.xcconfig */ = {isa = PBXFileReference; includeInIndex = 1; lastKnownFileType = text.xcconfig; name = "Pods-Cozy.debug.xcconfig"; path = "Target Support Files/Pods-Cozy/Pods-Cozy.debug.xcconfig"; sourceTree = "<group>"; };
		95BA79266871E64FE8AC1FC7 /* Pods-Cozy.release.xcconfig */ = {isa = PBXFileReference; includeInIndex = 1; lastKnownFileType = text.xcconfig; name = "Pods-Cozy.release.xcconfig"; path = "Target Support Files/Pods-Cozy/Pods-Cozy.release.xcconfig"; sourceTree = "<group>"; };
		B63341D824B08F300070F8C4 /* UIView+Extension.swift */ = {isa = PBXFileReference; lastKnownFileType = sourcecode.swift; path = "UIView+Extension.swift"; sourceTree = "<group>"; };
		B63341DF24B19C210070F8C4 /* CountTableViewCell.swift */ = {isa = PBXFileReference; lastKnownFileType = sourcecode.swift; path = CountTableViewCell.swift; sourceTree = "<group>"; };
		B63341E124B19DAB0070F8C4 /* LibraryTableViewCell.swift */ = {isa = PBXFileReference; lastKnownFileType = sourcecode.swift; path = LibraryTableViewCell.swift; sourceTree = "<group>"; };
		B63341E524B1D45F0070F8C4 /* MapDetailViewController.swift */ = {isa = PBXFileReference; lastKnownFileType = sourcecode.swift; path = MapDetailViewController.swift; sourceTree = "<group>"; };
		B63341E724B328880070F8C4 /* Search.storyboard */ = {isa = PBXFileReference; lastKnownFileType = file.storyboard; path = Search.storyboard; sourceTree = "<group>"; };
		B63341EA24B328C30070F8C4 /* SearchViewController.swift */ = {isa = PBXFileReference; lastKnownFileType = sourcecode.swift; path = SearchViewController.swift; sourceTree = "<group>"; };
		B63341EC24B344C50070F8C4 /* UIButton+Extension.swift */ = {isa = PBXFileReference; lastKnownFileType = sourcecode.swift; path = "UIButton+Extension.swift"; sourceTree = "<group>"; };
		B63341F324B34F630070F8C4 /* MapDetail.storyboard */ = {isa = PBXFileReference; lastKnownFileType = file.storyboard; path = MapDetail.storyboard; sourceTree = "<group>"; };
		B65D3A0224BB941A00405549 /* Gilroy-Light.ttf */ = {isa = PBXFileReference; lastKnownFileType = file; path = "Gilroy-Light.ttf"; sourceTree = "<group>"; };
		B65D3A0324BB94D100405549 /* Splash.storyboard */ = {isa = PBXFileReference; lastKnownFileType = file.storyboard; path = Splash.storyboard; sourceTree = "<group>"; };
		B65D3A0624BB94FC00405549 /* SplashViewController.swift */ = {isa = PBXFileReference; lastKnownFileType = sourcecode.swift; path = SplashViewController.swift; sourceTree = "<group>"; };
		B65D3A0824BB957100405549 /* UIFont+Extension.swift */ = {isa = PBXFileReference; lastKnownFileType = sourcecode.swift; path = "UIFont+Extension.swift"; sourceTree = "<group>"; };
		B65D3A0A24BB96ED00405549 /* ViewController.swift */ = {isa = PBXFileReference; lastKnownFileType = sourcecode.swift; path = ViewController.swift; sourceTree = "<group>"; };
		B65D3A0E24BB993700405549 /* Login.storyboard */ = {isa = PBXFileReference; lastKnownFileType = file.storyboard; path = Login.storyboard; sourceTree = "<group>"; };
		B65D3A1124BB996700405549 /* LoginViewController.swift */ = {isa = PBXFileReference; lastKnownFileType = sourcecode.swift; path = LoginViewController.swift; sourceTree = "<group>"; };
		B65D3A1324BB9D4800405549 /* SocialLogin.storyboard */ = {isa = PBXFileReference; lastKnownFileType = file.storyboard; path = SocialLogin.storyboard; sourceTree = "<group>"; };
		B65D3A1524BB9D6400405549 /* SocialLoginViewController.swift */ = {isa = PBXFileReference; lastKnownFileType = sourcecode.swift; path = SocialLoginViewController.swift; sourceTree = "<group>"; };
		B6776B4324B7080C00BF0E53 /* SelectRegion.storyboard */ = {isa = PBXFileReference; lastKnownFileType = file.storyboard; path = SelectRegion.storyboard; sourceTree = "<group>"; };
		B6776B4624B7082B00BF0E53 /* SelectRegionViewController.swift */ = {isa = PBXFileReference; lastKnownFileType = sourcecode.swift; path = SelectRegionViewController.swift; sourceTree = "<group>"; };
		B69E909524B8A1C2009C4218 /* Review.storyboard */ = {isa = PBXFileReference; lastKnownFileType = file.storyboard; path = Review.storyboard; sourceTree = "<group>"; };
		B69E909824B8A231009C4218 /* ReviewViewController.swift */ = {isa = PBXFileReference; lastKnownFileType = sourcecode.swift; path = ReviewViewController.swift; sourceTree = "<group>"; };
		B6E3B38F24BC406300F42D15 /* MapResponseString.swift */ = {isa = PBXFileReference; lastKnownFileType = sourcecode.swift; path = MapResponseString.swift; sourceTree = "<group>"; };
		B6E3B39224BC40B200F42D15 /* MapService.swift */ = {isa = PBXFileReference; lastKnownFileType = sourcecode.swift; path = MapService.swift; sourceTree = "<group>"; };
		B6E3B39424BC47C900F42D15 /* MapBookStore.swift */ = {isa = PBXFileReference; lastKnownFileType = sourcecode.swift; path = MapBookStore.swift; sourceTree = "<group>"; };
		CC2645E924BA0D3B00BCE4CD /* MyPage.storyboard */ = {isa = PBXFileReference; fileEncoding = 4; lastKnownFileType = file.storyboard; path = MyPage.storyboard; sourceTree = "<group>"; };
		CC2645EB24BC1B0500BCE4CD /* NoticeViewController.swift */ = {isa = PBXFileReference; lastKnownFileType = sourcecode.swift; path = NoticeViewController.swift; sourceTree = "<group>"; };
		CC2645ED24BC3B4200BCE4CD /* MyReviewViewController.swift */ = {isa = PBXFileReference; lastKnownFileType = sourcecode.swift; name = MyReviewViewController.swift; path = Cozy/Sources/ViewController/MyPage/MyReviewViewController.swift; sourceTree = SOURCE_ROOT; };
		CC2645F124BC411700BCE4CD /* EventViewController.swift */ = {isa = PBXFileReference; lastKnownFileType = sourcecode.swift; path = EventViewController.swift; sourceTree = "<group>"; };
		CCF6752F24B9E22A00A40EC1 /* LastBookstoreCell.swift */ = {isa = PBXFileReference; lastKnownFileType = sourcecode.swift; path = LastBookstoreCell.swift; sourceTree = "<group>"; };
		CCF6753124B9E9E000A40EC1 /* LastBookstore.swift */ = {isa = PBXFileReference; lastKnownFileType = sourcecode.swift; path = LastBookstore.swift; sourceTree = "<group>"; };
		F3287E8FE7F893E28F29A028 /* Pods_Cozy.framework */ = {isa = PBXFileReference; explicitFileType = wrapper.framework; includeInIndex = 0; path = Pods_Cozy.framework; sourceTree = BUILT_PRODUCTS_DIR; };
/* End PBXFileReference section */

/* Begin PBXFrameworksBuildPhase section */
		55E839BF24AF29C2003C64FE /* Frameworks */ = {
			isa = PBXFrameworksBuildPhase;
			buildActionMask = 2147483647;
			files = (
				715C23D9F616374B09709C21 /* Pods_Cozy.framework in Frameworks */,
			);
			runOnlyForDeploymentPostprocessing = 0;
		};
/* End PBXFrameworksBuildPhase section */

/* Begin PBXGroup section */
		183C1E3A24B7415400FFE494 /* API */ = {
			isa = PBXGroup;
			children = (
				B6E3B38E24BC403D00F42D15 /* ResponseModel */,
				B6E3B38D24BC403000F42D15 /* Services */,
			);
			path = API;
			sourceTree = "<group>";
		};
		2DBE9317D4818232E10F414A /* Frameworks */ = {
			isa = PBXGroup;
			children = (
				F3287E8FE7F893E28F29A028 /* Pods_Cozy.framework */,
			);
			name = Frameworks;
			sourceTree = "<group>";
		};
		5548793324B48EC200F5DE2A /* RecommendXib */ = {
			isa = PBXGroup;
			children = (
				55CE352E24B1DB5C001210A7 /* CustomExpandableCollectionViewCell.xib */,
				55CE354A24B34536001210A7 /* CardCollectionViewCell.xib */,
				55CE354E24B3471E001210A7 /* CommonView.xib */,
			);
			path = RecommendXib;
			sourceTree = "<group>";
		};
		5565A14824B1D1F200DF6E88 /* Xib */ = {
			isa = PBXGroup;
			children = (
				5548793324B48EC200F5DE2A /* RecommendXib */,
			);
			path = Xib;
			sourceTree = "<group>";
		};
		5565A14B24B1D29F00DF6E88 /* Cell */ = {
			isa = PBXGroup;
			children = (
				B63341E124B19DAB0070F8C4 /* LibraryTableViewCell.swift */,
				B63341DF24B19C210070F8C4 /* CountTableViewCell.swift */,
				5565A14C24B1D34E00DF6E88 /* CustomExpandableCollectionViewCell.swift */,
				55E460B424BC512E0035ECCE /* reviewTableViewCell.swift */,
			);
			path = Cell;
			sourceTree = "<group>";
		};
		55ABB33424B37626008B5A5B /* TransitionAnimations */ = {
			isa = PBXGroup;
			children = (
				55ABB33524B37681008B5A5B /* Animatable.swift */,
				55ABB33624B37681008B5A5B /* CustomTransitionAnimation.swift */,
				55ABB33924B376DA008B5A5B /* NavigationController.swift */,
			);
			path = TransitionAnimations;
			sourceTree = "<group>";
		};
		55CE353024B2084A001210A7 /* Protocols */ = {
			isa = PBXGroup;
			children = (
				55CE353124B20876001210A7 /* Expandable.swift */,
			);
			path = Protocols;
			sourceTree = "<group>";
		};
		55CE353424B32B75001210A7 /* RecommendViewUI */ = {
			isa = PBXGroup;
			children = (
				55ABB33424B37626008B5A5B /* TransitionAnimations */,
				55CE353924B32F04001210A7 /* Reusables */,
			);
			path = RecommendViewUI;
			sourceTree = "<group>";
		};
		55CE353624B32CD4001210A7 /* RecommendCollectionView */ = {
			isa = PBXGroup;
			children = (
				55E839E624AF2B39003C64FE /* RecommendViewController.swift */,
				55CE353724B32D17001210A7 /* CardCollectionViewCell.swift */,
				55A94AD224B49D0400522643 /* LogoSearchCollectionViewCell.swift */,
			);
			path = RecommendCollectionView;
			sourceTree = "<group>";
		};
		55CE353924B32F04001210A7 /* Reusables */ = {
			isa = PBXGroup;
			children = (
				55CE353D24B32F81001210A7 /* NibLoadable.swift */,
				55CE353B24B32F80001210A7 /* NibOwnerLoadable.swift */,
				55CE353C24B32F81001210A7 /* Reusable.swift */,
				55CE353A24B32F80001210A7 /* StoryboardBased.swift */,
				55CE353E24B32F81001210A7 /* UICollectionView+Reusable.swift */,
			);
			path = Reusables;
			sourceTree = "<group>";
		};
		55CE354424B33036001210A7 /* CommonView */ = {
			isa = PBXGroup;
			children = (
				55CE354524B3306E001210A7 /* ShadowView.swift */,
				55CE354C24B3467E001210A7 /* CommonView.swift */,
			);
			path = CommonView;
			sourceTree = "<group>";
		};
		55CE354724B34430001210A7 /* DetailView */ = {
			isa = PBXGroup;
			children = (
				55CE354824B3444B001210A7 /* DetailViewController.swift */,
			);
			path = DetailView;
			sourceTree = "<group>";
		};
		55E839B924AF29C2003C64FE = {
			isa = PBXGroup;
			children = (
				55E839C424AF29C2003C64FE /* Cozy */,
				55E839C324AF29C2003C64FE /* Products */,
				DA6EB647575B9EB8135F0FC1 /* Pods */,
				2DBE9317D4818232E10F414A /* Frameworks */,
			);
			sourceTree = "<group>";
		};
		55E839C324AF29C2003C64FE /* Products */ = {
			isa = PBXGroup;
			children = (
				55E839C224AF29C2003C64FE /* Cozy.app */,
			);
			name = Products;
			sourceTree = "<group>";
		};
		55E839C424AF29C2003C64FE /* Cozy */ = {
			isa = PBXGroup;
			children = (
				55E839E524AF2AEE003C64FE /* Resources */,
				55E839D924AF2A08003C64FE /* Sources */,
				55E839C524AF29C2003C64FE /* AppDelegate.swift */,
				55E839C724AF29C2003C64FE /* SceneDelegate.swift */,
				55E839D324AF29C6003C64FE /* Info.plist */,
			);
			path = Cozy;
			sourceTree = "<group>";
		};
		55E839D924AF2A08003C64FE /* Sources */ = {
			isa = PBXGroup;
			children = (
				183C1E3A24B7415400FFE494 /* API */,
				55CE353424B32B75001210A7 /* RecommendViewUI */,
				55CE353024B2084A001210A7 /* Protocols */,
				5565A14B24B1D29F00DF6E88 /* Cell */,
				55E839F124AF2D75003C64FE /* Extension */,
				55E839DA24AF2A0E003C64FE /* ViewController */,
			);
			path = Sources;
			sourceTree = "<group>";
		};
		55E839DA24AF2A0E003C64FE /* ViewController */ = {
			isa = PBXGroup;
			children = (
				B65D3A1024BB994900405549 /* Login */,
				B65D3A0524BB94D800405549 /* Splash */,
				B69E909724B8A21E009C4218 /* Review */,
				B6776B4524B7081C00BF0E53 /* SelectRegion */,
				B63341F524B3515B0070F8C4 /* MapDetail */,
				B63341E924B328A90070F8C4 /* Search */,
				B63341DE24B18C140070F8C4 /* Main */,
				55E839F024AF2D51003C64FE /* MyPage */,
				55E839EF24AF2D45003C64FE /* Interest */,
				55E839DC24AF2A30003C64FE /* Map */,
				55E839DB24AF2A1D003C64FE /* Recommend */,
			);
			path = ViewController;
			sourceTree = "<group>";
		};
		55E839DB24AF2A1D003C64FE /* Recommend */ = {
			isa = PBXGroup;
			children = (
				55CE354724B34430001210A7 /* DetailView */,
				55CE354424B33036001210A7 /* CommonView */,
				55CE353624B32CD4001210A7 /* RecommendCollectionView */,
			);
			path = Recommend;
			sourceTree = "<group>";
		};
		55E839DC24AF2A30003C64FE /* Map */ = {
			isa = PBXGroup;
			children = (
				55E839E824AF2B43003C64FE /* MapViewController.swift */,
				B6E3B39424BC47C900F42D15 /* MapBookStore.swift */,
			);
			path = Map;
			sourceTree = "<group>";
		};
		55E839E524AF2AEE003C64FE /* Resources */ = {
			isa = PBXGroup;
			children = (
				B65D3A0124BB93FF00405549 /* Font */,
				5565A14824B1D1F200DF6E88 /* Xib */,
				55E839CE24AF29C6003C64FE /* Assets.xcassets */,
				55E839EE24AF2D1E003C64FE /* Storyboard */,
			);
			path = Resources;
			sourceTree = "<group>";
		};
		55E839EE24AF2D1E003C64FE /* Storyboard */ = {
			isa = PBXGroup;
			children = (
				55ABB33B24B37901008B5A5B /* DetailViewController.storyboard */,
				55E839CB24AF29C2003C64FE /* Main.storyboard */,
				55E839DD24AF2AC3003C64FE /* Recommend.storyboard */,
				55E839DF24AF2AD1003C64FE /* Map.storyboard */,
				55E839E124AF2AE1003C64FE /* Interest.storyboard */,
				55E839D024AF29C6003C64FE /* LaunchScreen.storyboard */,
				CC2645E924BA0D3B00BCE4CD /* MyPage.storyboard */,
				B63341E724B328880070F8C4 /* Search.storyboard */,
				B63341F324B34F630070F8C4 /* MapDetail.storyboard */,
				B6776B4324B7080C00BF0E53 /* SelectRegion.storyboard */,
				B69E909524B8A1C2009C4218 /* Review.storyboard */,
				B65D3A0324BB94D100405549 /* Splash.storyboard */,
				B65D3A0E24BB993700405549 /* Login.storyboard */,
				B65D3A1324BB9D4800405549 /* SocialLogin.storyboard */,
			);
			path = Storyboard;
			sourceTree = "<group>";
		};
		55E839EF24AF2D45003C64FE /* Interest */ = {
			isa = PBXGroup;
			children = (
				55E839EA24AF2B4A003C64FE /* InterestViewController.swift */,
				183C1E2E24B1D5E500FFE494 /* BookStoreTableViewCell.swift */,
				183C1E3424B1DB4600FFE494 /* BookStore.swift */,
				183C1E3824B73CC600FFE494 /* InterestModel.swift */,
				183C1E3F24B857C300FFE494 /* InterestService.swift */,
			);
			path = Interest;
			sourceTree = "<group>";
		};
		55E839F024AF2D51003C64FE /* MyPage */ = {
			isa = PBXGroup;
			children = (
				CC2645ED24BC3B4200BCE4CD /* MyReviewViewController.swift */,
				55E839EC24AF2B51003C64FE /* MyPageViewController.swift */,
				CCF6752F24B9E22A00A40EC1 /* LastBookstoreCell.swift */,
				CCF6753124B9E9E000A40EC1 /* LastBookstore.swift */,
				CC2645EB24BC1B0500BCE4CD /* NoticeViewController.swift */,
				CC2645F124BC411700BCE4CD /* EventViewController.swift */,
			);
			path = MyPage;
			sourceTree = "<group>";
		};
		55E839F124AF2D75003C64FE /* Extension */ = {
			isa = PBXGroup;
			children = (
				55E839F424AF2DCB003C64FE /* UIColor+Extension.swift */,
				B63341D824B08F300070F8C4 /* UIView+Extension.swift */,
				B63341EC24B344C50070F8C4 /* UIButton+Extension.swift */,
				55A94AD424B57F9D00522643 /* UITabbarHideAnimation+Extension.swift */,
				B65D3A0824BB957100405549 /* UIFont+Extension.swift */,
				55E460BA24BD46D20035ECCE /* UIImageViewKingfisher+Extension.swift */,
			);
			path = Extension;
			sourceTree = "<group>";
		};
		B63341DE24B18C140070F8C4 /* Main */ = {
			isa = PBXGroup;
			children = (
				B65D3A0A24BB96ED00405549 /* ViewController.swift */,
			);
			path = Main;
			sourceTree = "<group>";
		};
		B63341E924B328A90070F8C4 /* Search */ = {
			isa = PBXGroup;
			children = (
				B63341EA24B328C30070F8C4 /* SearchViewController.swift */,
			);
			path = Search;
			sourceTree = "<group>";
		};
		B63341F524B3515B0070F8C4 /* MapDetail */ = {
			isa = PBXGroup;
			children = (
				B63341E524B1D45F0070F8C4 /* MapDetailViewController.swift */,
			);
			path = MapDetail;
			sourceTree = "<group>";
		};
		B65D3A0124BB93FF00405549 /* Font */ = {
			isa = PBXGroup;
			children = (
				B65D3A0224BB941A00405549 /* Gilroy-Light.ttf */,
			);
			path = Font;
			sourceTree = "<group>";
		};
		B65D3A0524BB94D800405549 /* Splash */ = {
			isa = PBXGroup;
			children = (
				B65D3A0624BB94FC00405549 /* SplashViewController.swift */,
			);
			path = Splash;
			sourceTree = "<group>";
		};
		B65D3A1024BB994900405549 /* Login */ = {
			isa = PBXGroup;
			children = (
				B65D3A1124BB996700405549 /* LoginViewController.swift */,
				B65D3A1524BB9D6400405549 /* SocialLoginViewController.swift */,
			);
			path = Login;
			sourceTree = "<group>";
		};
		B6776B4524B7081C00BF0E53 /* SelectRegion */ = {
			isa = PBXGroup;
			children = (
				B6776B4624B7082B00BF0E53 /* SelectRegionViewController.swift */,
			);
			path = SelectRegion;
			sourceTree = "<group>";
		};
		B69E909724B8A21E009C4218 /* Review */ = {
			isa = PBXGroup;
			children = (
				B69E909824B8A231009C4218 /* ReviewViewController.swift */,
			);
			path = Review;
			sourceTree = "<group>";
		};
		B6E3B38D24BC403000F42D15 /* Services */ = {
			isa = PBXGroup;
			children = (
				183C1E3B24B7416600FFE494 /* APIConstants.swift */,
				183C1E3D24B7431B00FFE494 /* NetworkResult.swift */,
				B6E3B39224BC40B200F42D15 /* MapService.swift */,
				55E460B824BCB2370035ECCE /* RecommendationService.swift */,
				55E460C024BD74E90035ECCE /* DetailBookStoreService.swift */,
			);
			path = Services;
			sourceTree = "<group>";
		};
		B6E3B38E24BC403D00F42D15 /* ResponseModel */ = {
			isa = PBXGroup;
			children = (
				B6E3B38F24BC406300F42D15 /* MapResponseString.swift */,
				55E460B624BCB0360035ECCE /* Recommendation.swift */,
				55E460BE24BD72580035ECCE /* DetailBookStoreModel.swift */,
			);
			path = ResponseModel;
			sourceTree = "<group>";
		};
		DA6EB647575B9EB8135F0FC1 /* Pods */ = {
			isa = PBXGroup;
			children = (
				5698B70158DADB5E3BD971FA /* Pods-Cozy.debug.xcconfig */,
				95BA79266871E64FE8AC1FC7 /* Pods-Cozy.release.xcconfig */,
			);
			path = Pods;
			sourceTree = "<group>";
		};
/* End PBXGroup section */

/* Begin PBXNativeTarget section */
		55E839C124AF29C2003C64FE /* Cozy */ = {
			isa = PBXNativeTarget;
			buildConfigurationList = 55E839D624AF29C6003C64FE /* Build configuration list for PBXNativeTarget "Cozy" */;
			buildPhases = (
				E82D02385257C3C6AC9CE316 /* [CP] Check Pods Manifest.lock */,
				55E839BE24AF29C2003C64FE /* Sources */,
				55E839BF24AF29C2003C64FE /* Frameworks */,
				55E839C024AF29C2003C64FE /* Resources */,
				1515E296372315A6FB9218FD /* [CP] Embed Pods Frameworks */,
			);
			buildRules = (
			);
			dependencies = (
			);
			name = Cozy;
			productName = Cozy;
			productReference = 55E839C224AF29C2003C64FE /* Cozy.app */;
			productType = "com.apple.product-type.application";
		};
/* End PBXNativeTarget section */

/* Begin PBXProject section */
		55E839BA24AF29C2003C64FE /* Project object */ = {
			isa = PBXProject;
			attributes = {
				LastSwiftUpdateCheck = 1150;
				LastUpgradeCheck = 1150;
				ORGANIZATIONNAME = jun;
				TargetAttributes = {
					55E839C124AF29C2003C64FE = {
						CreatedOnToolsVersion = 11.5;
					};
				};
			};
			buildConfigurationList = 55E839BD24AF29C2003C64FE /* Build configuration list for PBXProject "Cozy" */;
			compatibilityVersion = "Xcode 9.3";
			developmentRegion = en;
			hasScannedForEncodings = 0;
			knownRegions = (
				en,
				Base,
			);
			mainGroup = 55E839B924AF29C2003C64FE;
			productRefGroup = 55E839C324AF29C2003C64FE /* Products */;
			projectDirPath = "";
			projectRoot = "";
			targets = (
				55E839C124AF29C2003C64FE /* Cozy */,
			);
		};
/* End PBXProject section */

/* Begin PBXResourcesBuildPhase section */
		55E839C024AF29C2003C64FE /* Resources */ = {
			isa = PBXResourcesBuildPhase;
			buildActionMask = 2147483647;
			files = (
				55E839D224AF29C6003C64FE /* LaunchScreen.storyboard in Resources */,
				B65D3A0C24BB989000405549 /* Gilroy-Light.ttf in Resources */,
				55CE354B24B34536001210A7 /* CardCollectionViewCell.xib in Resources */,
				55E839DE24AF2AC3003C64FE /* Recommend.storyboard in Resources */,
				B65D3A0424BB94D100405549 /* Splash.storyboard in Resources */,
				B63341F424B34F630070F8C4 /* MapDetail.storyboard in Resources */,
				55E839E024AF2AD1003C64FE /* Map.storyboard in Resources */,
				55E839CF24AF29C6003C64FE /* Assets.xcassets in Resources */,
				B65D3A1424BB9D4800405549 /* SocialLogin.storyboard in Resources */,
				B65D3A0F24BB993700405549 /* Login.storyboard in Resources */,
				B69E909624B8A1C2009C4218 /* Review.storyboard in Resources */,
				B6776B4424B7080C00BF0E53 /* SelectRegion.storyboard in Resources */,
				B63341E824B328880070F8C4 /* Search.storyboard in Resources */,
				55ABB33C24B37901008B5A5B /* DetailViewController.storyboard in Resources */,
				55CE352F24B1DB5C001210A7 /* CustomExpandableCollectionViewCell.xib in Resources */,
				55E839E224AF2AE1003C64FE /* Interest.storyboard in Resources */,
				CC2645EA24BA0D3B00BCE4CD /* MyPage.storyboard in Resources */,
				55E839CD24AF29C2003C64FE /* Main.storyboard in Resources */,
				55CE354F24B3471E001210A7 /* CommonView.xib in Resources */,
			);
			runOnlyForDeploymentPostprocessing = 0;
		};
/* End PBXResourcesBuildPhase section */

/* Begin PBXShellScriptBuildPhase section */
		1515E296372315A6FB9218FD /* [CP] Embed Pods Frameworks */ = {
			isa = PBXShellScriptBuildPhase;
			buildActionMask = 2147483647;
			files = (
			);
			inputFileListPaths = (
				"${PODS_ROOT}/Target Support Files/Pods-Cozy/Pods-Cozy-frameworks-${CONFIGURATION}-input-files.xcfilelist",
			);
			name = "[CP] Embed Pods Frameworks";
			outputFileListPaths = (
				"${PODS_ROOT}/Target Support Files/Pods-Cozy/Pods-Cozy-frameworks-${CONFIGURATION}-output-files.xcfilelist",
			);
			runOnlyForDeploymentPostprocessing = 0;
			shellPath = /bin/sh;
			shellScript = "\"${PODS_ROOT}/Target Support Files/Pods-Cozy/Pods-Cozy-frameworks.sh\"\n";
			showEnvVarsInLog = 0;
		};
		E82D02385257C3C6AC9CE316 /* [CP] Check Pods Manifest.lock */ = {
			isa = PBXShellScriptBuildPhase;
			buildActionMask = 2147483647;
			files = (
			);
			inputFileListPaths = (
			);
			inputPaths = (
				"${PODS_PODFILE_DIR_PATH}/Podfile.lock",
				"${PODS_ROOT}/Manifest.lock",
			);
			name = "[CP] Check Pods Manifest.lock";
			outputFileListPaths = (
			);
			outputPaths = (
				"$(DERIVED_FILE_DIR)/Pods-Cozy-checkManifestLockResult.txt",
			);
			runOnlyForDeploymentPostprocessing = 0;
			shellPath = /bin/sh;
			shellScript = "diff \"${PODS_PODFILE_DIR_PATH}/Podfile.lock\" \"${PODS_ROOT}/Manifest.lock\" > /dev/null\nif [ $? != 0 ] ; then\n    # print error to STDERR\n    echo \"error: The sandbox is not in sync with the Podfile.lock. Run 'pod install' or update your CocoaPods installation.\" >&2\n    exit 1\nfi\n# This output is used by Xcode 'outputs' to avoid re-running this script phase.\necho \"SUCCESS\" > \"${SCRIPT_OUTPUT_FILE_0}\"\n";
			showEnvVarsInLog = 0;
		};
/* End PBXShellScriptBuildPhase section */

/* Begin PBXSourcesBuildPhase section */
		55E839BE24AF29C2003C64FE /* Sources */ = {
			isa = PBXSourcesBuildPhase;
			buildActionMask = 2147483647;
			files = (
				B65D3A0924BB957100405549 /* UIFont+Extension.swift in Sources */,
				183C1E4024B857C300FFE494 /* InterestService.swift in Sources */,
				55E839EB24AF2B4A003C64FE /* InterestViewController.swift in Sources */,
				CC2645F224BC411700BCE4CD /* EventViewController.swift in Sources */,
				B69E909924B8A231009C4218 /* ReviewViewController.swift in Sources */,
				183C1E3C24B7416600FFE494 /* APIConstants.swift in Sources */,
				183C1E3E24B7431B00FFE494 /* NetworkResult.swift in Sources */,
				CCF6753224B9E9E000A40EC1 /* LastBookstore.swift in Sources */,
				55CE354924B3444B001210A7 /* DetailViewController.swift in Sources */,
				183C1E3924B73CC600FFE494 /* InterestModel.swift in Sources */,
				B6776B4724B7082B00BF0E53 /* SelectRegionViewController.swift in Sources */,
				183C1E2F24B1D5E500FFE494 /* BookStoreTableViewCell.swift in Sources */,
				55ABB33824B37681008B5A5B /* CustomTransitionAnimation.swift in Sources */,
				55CE354324B32F81001210A7 /* UICollectionView+Reusable.swift in Sources */,
				55E839ED24AF2B51003C64FE /* MyPageViewController.swift in Sources */,
				B63341ED24B344C50070F8C4 /* UIButton+Extension.swift in Sources */,
				55E460BB24BD46D20035ECCE /* UIImageViewKingfisher+Extension.swift in Sources */,
				B63341D924B08F300070F8C4 /* UIView+Extension.swift in Sources */,
				CC2645EC24BC1B0500BCE4CD /* NoticeViewController.swift in Sources */,
				55CE354224B32F81001210A7 /* NibLoadable.swift in Sources */,
				B63341E024B19C210070F8C4 /* CountTableViewCell.swift in Sources */,
				B65D3A0B24BB96ED00405549 /* ViewController.swift in Sources */,
				55E460B924BCB2370035ECCE /* RecommendationService.swift in Sources */,
				55CE354124B32F81001210A7 /* Reusable.swift in Sources */,
				55CE353F24B32F81001210A7 /* StoryboardBased.swift in Sources */,
				5565A14E24B1D34E00DF6E88 /* CustomExpandableCollectionViewCell.swift in Sources */,
				183C1E3524B1DB4600FFE494 /* BookStore.swift in Sources */,
				55E460C124BD74E90035ECCE /* DetailBookStoreService.swift in Sources */,
				55CE354624B3306E001210A7 /* ShadowView.swift in Sources */,
				B6E3B39024BC406300F42D15 /* MapResponseString.swift in Sources */,
				55CE354024B32F81001210A7 /* NibOwnerLoadable.swift in Sources */,
				B63341E224B19DAB0070F8C4 /* LibraryTableViewCell.swift in Sources */,
				55E839E724AF2B39003C64FE /* RecommendViewController.swift in Sources */,
				55E839C624AF29C2003C64FE /* AppDelegate.swift in Sources */,
				B63341EB24B328C30070F8C4 /* SearchViewController.swift in Sources */,
				B65D3A0724BB94FC00405549 /* SplashViewController.swift in Sources */,
				55CE353224B20876001210A7 /* Expandable.swift in Sources */,
				55E460B524BC512E0035ECCE /* reviewTableViewCell.swift in Sources */,
				55A94AD324B49D0400522643 /* LogoSearchCollectionViewCell.swift in Sources */,
				B63341E624B1D4600070F8C4 /* MapDetailViewController.swift in Sources */,
				55ABB33A24B376DA008B5A5B /* NavigationController.swift in Sources */,
				B65D3A1224BB996700405549 /* LoginViewController.swift in Sources */,
				55E839E924AF2B43003C64FE /* MapViewController.swift in Sources */,
				55E460B724BCB0360035ECCE /* Recommendation.swift in Sources */,
				CC2645EE24BC3B4200BCE4CD /* MyReviewViewController.swift in Sources */,
				55ABB33724B37681008B5A5B /* Animatable.swift in Sources */,
				55E839C824AF29C2003C64FE /* SceneDelegate.swift in Sources */,
				55CE354D24B3467E001210A7 /* CommonView.swift in Sources */,
				B6E3B39524BC47C900F42D15 /* MapBookStore.swift in Sources */,
				CCF6753024B9E22A00A40EC1 /* LastBookstoreCell.swift in Sources */,
				55CE353824B32D17001210A7 /* CardCollectionViewCell.swift in Sources */,
				B6E3B39324BC40B200F42D15 /* MapService.swift in Sources */,
				55E460BF24BD72580035ECCE /* DetailBookStoreModel.swift in Sources */,
				B65D3A1624BB9D6400405549 /* SocialLoginViewController.swift in Sources */,
				55E839F524AF2DCB003C64FE /* UIColor+Extension.swift in Sources */,
				55A94AD524B57F9D00522643 /* UITabbarHideAnimation+Extension.swift in Sources */,
			);
			runOnlyForDeploymentPostprocessing = 0;
		};
/* End PBXSourcesBuildPhase section */

/* Begin PBXVariantGroup section */
		55E839CB24AF29C2003C64FE /* Main.storyboard */ = {
			isa = PBXVariantGroup;
			children = (
				55E839CC24AF29C2003C64FE /* Base */,
			);
			name = Main.storyboard;
			sourceTree = "<group>";
		};
		55E839D024AF29C6003C64FE /* LaunchScreen.storyboard */ = {
			isa = PBXVariantGroup;
			children = (
				55E839D124AF29C6003C64FE /* Base */,
			);
			name = LaunchScreen.storyboard;
			sourceTree = "<group>";
		};
/* End PBXVariantGroup section */

/* Begin XCBuildConfiguration section */
		55E839D424AF29C6003C64FE /* Debug */ = {
			isa = XCBuildConfiguration;
			buildSettings = {
				ALWAYS_SEARCH_USER_PATHS = NO;
				CLANG_ANALYZER_NONNULL = YES;
				CLANG_ANALYZER_NUMBER_OBJECT_CONVERSION = YES_AGGRESSIVE;
				CLANG_CXX_LANGUAGE_STANDARD = "gnu++14";
				CLANG_CXX_LIBRARY = "libc++";
				CLANG_ENABLE_MODULES = YES;
				CLANG_ENABLE_OBJC_ARC = YES;
				CLANG_ENABLE_OBJC_WEAK = YES;
				CLANG_WARN_BLOCK_CAPTURE_AUTORELEASING = YES;
				CLANG_WARN_BOOL_CONVERSION = YES;
				CLANG_WARN_COMMA = YES;
				CLANG_WARN_CONSTANT_CONVERSION = YES;
				CLANG_WARN_DEPRECATED_OBJC_IMPLEMENTATIONS = YES;
				CLANG_WARN_DIRECT_OBJC_ISA_USAGE = YES_ERROR;
				CLANG_WARN_DOCUMENTATION_COMMENTS = YES;
				CLANG_WARN_EMPTY_BODY = YES;
				CLANG_WARN_ENUM_CONVERSION = YES;
				CLANG_WARN_INFINITE_RECURSION = YES;
				CLANG_WARN_INT_CONVERSION = YES;
				CLANG_WARN_NON_LITERAL_NULL_CONVERSION = YES;
				CLANG_WARN_OBJC_IMPLICIT_RETAIN_SELF = YES;
				CLANG_WARN_OBJC_LITERAL_CONVERSION = YES;
				CLANG_WARN_OBJC_ROOT_CLASS = YES_ERROR;
				CLANG_WARN_RANGE_LOOP_ANALYSIS = YES;
				CLANG_WARN_STRICT_PROTOTYPES = YES;
				CLANG_WARN_SUSPICIOUS_MOVE = YES;
				CLANG_WARN_UNGUARDED_AVAILABILITY = YES_AGGRESSIVE;
				CLANG_WARN_UNREACHABLE_CODE = YES;
				CLANG_WARN__DUPLICATE_METHOD_MATCH = YES;
				COPY_PHASE_STRIP = NO;
				DEBUG_INFORMATION_FORMAT = dwarf;
				ENABLE_STRICT_OBJC_MSGSEND = YES;
				ENABLE_TESTABILITY = YES;
				GCC_C_LANGUAGE_STANDARD = gnu11;
				GCC_DYNAMIC_NO_PIC = NO;
				GCC_NO_COMMON_BLOCKS = YES;
				GCC_OPTIMIZATION_LEVEL = 0;
				GCC_PREPROCESSOR_DEFINITIONS = (
					"DEBUG=1",
					"$(inherited)",
				);
				GCC_WARN_64_TO_32_BIT_CONVERSION = YES;
				GCC_WARN_ABOUT_RETURN_TYPE = YES_ERROR;
				GCC_WARN_UNDECLARED_SELECTOR = YES;
				GCC_WARN_UNINITIALIZED_AUTOS = YES_AGGRESSIVE;
				GCC_WARN_UNUSED_FUNCTION = YES;
				GCC_WARN_UNUSED_VARIABLE = YES;
				IPHONEOS_DEPLOYMENT_TARGET = 13.5;
				MTL_ENABLE_DEBUG_INFO = INCLUDE_SOURCE;
				MTL_FAST_MATH = YES;
				ONLY_ACTIVE_ARCH = YES;
				SDKROOT = iphoneos;
				SWIFT_ACTIVE_COMPILATION_CONDITIONS = DEBUG;
				SWIFT_OPTIMIZATION_LEVEL = "-Onone";
			};
			name = Debug;
		};
		55E839D524AF29C6003C64FE /* Release */ = {
			isa = XCBuildConfiguration;
			buildSettings = {
				ALWAYS_SEARCH_USER_PATHS = NO;
				CLANG_ANALYZER_NONNULL = YES;
				CLANG_ANALYZER_NUMBER_OBJECT_CONVERSION = YES_AGGRESSIVE;
				CLANG_CXX_LANGUAGE_STANDARD = "gnu++14";
				CLANG_CXX_LIBRARY = "libc++";
				CLANG_ENABLE_MODULES = YES;
				CLANG_ENABLE_OBJC_ARC = YES;
				CLANG_ENABLE_OBJC_WEAK = YES;
				CLANG_WARN_BLOCK_CAPTURE_AUTORELEASING = YES;
				CLANG_WARN_BOOL_CONVERSION = YES;
				CLANG_WARN_COMMA = YES;
				CLANG_WARN_CONSTANT_CONVERSION = YES;
				CLANG_WARN_DEPRECATED_OBJC_IMPLEMENTATIONS = YES;
				CLANG_WARN_DIRECT_OBJC_ISA_USAGE = YES_ERROR;
				CLANG_WARN_DOCUMENTATION_COMMENTS = YES;
				CLANG_WARN_EMPTY_BODY = YES;
				CLANG_WARN_ENUM_CONVERSION = YES;
				CLANG_WARN_INFINITE_RECURSION = YES;
				CLANG_WARN_INT_CONVERSION = YES;
				CLANG_WARN_NON_LITERAL_NULL_CONVERSION = YES;
				CLANG_WARN_OBJC_IMPLICIT_RETAIN_SELF = YES;
				CLANG_WARN_OBJC_LITERAL_CONVERSION = YES;
				CLANG_WARN_OBJC_ROOT_CLASS = YES_ERROR;
				CLANG_WARN_RANGE_LOOP_ANALYSIS = YES;
				CLANG_WARN_STRICT_PROTOTYPES = YES;
				CLANG_WARN_SUSPICIOUS_MOVE = YES;
				CLANG_WARN_UNGUARDED_AVAILABILITY = YES_AGGRESSIVE;
				CLANG_WARN_UNREACHABLE_CODE = YES;
				CLANG_WARN__DUPLICATE_METHOD_MATCH = YES;
				COPY_PHASE_STRIP = NO;
				DEBUG_INFORMATION_FORMAT = "dwarf-with-dsym";
				ENABLE_NS_ASSERTIONS = NO;
				ENABLE_STRICT_OBJC_MSGSEND = YES;
				GCC_C_LANGUAGE_STANDARD = gnu11;
				GCC_NO_COMMON_BLOCKS = YES;
				GCC_WARN_64_TO_32_BIT_CONVERSION = YES;
				GCC_WARN_ABOUT_RETURN_TYPE = YES_ERROR;
				GCC_WARN_UNDECLARED_SELECTOR = YES;
				GCC_WARN_UNINITIALIZED_AUTOS = YES_AGGRESSIVE;
				GCC_WARN_UNUSED_FUNCTION = YES;
				GCC_WARN_UNUSED_VARIABLE = YES;
				IPHONEOS_DEPLOYMENT_TARGET = 13.5;
				MTL_ENABLE_DEBUG_INFO = NO;
				MTL_FAST_MATH = YES;
				SDKROOT = iphoneos;
				SWIFT_COMPILATION_MODE = wholemodule;
				SWIFT_OPTIMIZATION_LEVEL = "-O";
				VALIDATE_PRODUCT = YES;
			};
			name = Release;
		};
		55E839D724AF29C6003C64FE /* Debug */ = {
			isa = XCBuildConfiguration;
			baseConfigurationReference = 5698B70158DADB5E3BD971FA /* Pods-Cozy.debug.xcconfig */;
			buildSettings = {
				ASSETCATALOG_COMPILER_APPICON_NAME = AppIcon;
				CODE_SIGN_STYLE = Automatic;
				DEVELOPMENT_TEAM = PMD54H53GA;
				INFOPLIST_FILE = Cozy/Info.plist;
				LD_RUNPATH_SEARCH_PATHS = (
					"$(inherited)",
					"@executable_path/Frameworks",
				);
				PRODUCT_BUNDLE_IDENTIFIER = gamsung.Cozy;
				PRODUCT_NAME = "$(TARGET_NAME)";
				SWIFT_VERSION = 5.0;
				TARGETED_DEVICE_FAMILY = "1,2";
			};
			name = Debug;
		};
		55E839D824AF29C6003C64FE /* Release */ = {
			isa = XCBuildConfiguration;
			baseConfigurationReference = 95BA79266871E64FE8AC1FC7 /* Pods-Cozy.release.xcconfig */;
			buildSettings = {
				ASSETCATALOG_COMPILER_APPICON_NAME = AppIcon;
				CODE_SIGN_STYLE = Automatic;
				DEVELOPMENT_TEAM = PMD54H53GA;
				INFOPLIST_FILE = Cozy/Info.plist;
				LD_RUNPATH_SEARCH_PATHS = (
					"$(inherited)",
					"@executable_path/Frameworks",
				);
				PRODUCT_BUNDLE_IDENTIFIER = gamsung.Cozy;
				PRODUCT_NAME = "$(TARGET_NAME)";
				SWIFT_VERSION = 5.0;
				TARGETED_DEVICE_FAMILY = "1,2";
			};
			name = Release;
		};
/* End XCBuildConfiguration section */

/* Begin XCConfigurationList section */
		55E839BD24AF29C2003C64FE /* Build configuration list for PBXProject "Cozy" */ = {
			isa = XCConfigurationList;
			buildConfigurations = (
				55E839D424AF29C6003C64FE /* Debug */,
				55E839D524AF29C6003C64FE /* Release */,
			);
			defaultConfigurationIsVisible = 0;
			defaultConfigurationName = Release;
		};
		55E839D624AF29C6003C64FE /* Build configuration list for PBXNativeTarget "Cozy" */ = {
			isa = XCConfigurationList;
			buildConfigurations = (
				55E839D724AF29C6003C64FE /* Debug */,
				55E839D824AF29C6003C64FE /* Release */,
			);
			defaultConfigurationIsVisible = 0;
			defaultConfigurationName = Release;
		};
/* End XCConfigurationList section */
	};
	rootObject = 55E839BA24AF29C2003C64FE /* Project object */;
}
